// !$*UTF8*$!
{
	archiveVersion = 1;
	classes = {
	};
	objectVersion = 55;
	objects = {

/* Begin PBXBuildFile section */
		8946568427698A15008CF761 /* RlfxoTimeStamperApp.swift in Sources */ = {isa = PBXBuildFile; fileRef = 8946568327698A15008CF761 /* RlfxoTimeStamperApp.swift */; };
		8946568627698A15008CF761 /* ContentView.swift in Sources */ = {isa = PBXBuildFile; fileRef = 8946568527698A15008CF761 /* ContentView.swift */; };
		8946568827698A16008CF761 /* Assets.xcassets in Resources */ = {isa = PBXBuildFile; fileRef = 8946568727698A16008CF761 /* Assets.xcassets */; };
		8946568B27698A17008CF761 /* Preview Assets.xcassets in Resources */ = {isa = PBXBuildFile; fileRef = 8946568A27698A17008CF761 /* Preview Assets.xcassets */; };
		8946568D27698A17008CF761 /* Persistence.swift in Sources */ = {isa = PBXBuildFile; fileRef = 8946568C27698A17008CF761 /* Persistence.swift */; };
		8946569027698A17008CF761 /* RlfxoTimeStamper.xcdatamodeld in Sources */ = {isa = PBXBuildFile; fileRef = 8946568E27698A17008CF761 /* RlfxoTimeStamper.xcdatamodeld */; };
		89AF828F276C4FE90055AE9C /* ListCell.swift in Sources */ = {isa = PBXBuildFile; fileRef = 89AF828E276C4FE90055AE9C /* ListCell.swift */; };
		89AF8291276C52BF0055AE9C /* DateFormatter+Time.swift in Sources */ = {isa = PBXBuildFile; fileRef = 89AF8290276C52BF0055AE9C /* DateFormatter+Time.swift */; };
		89AF8293276C64320055AE9C /* DropWater.gif in Resources */ = {isa = PBXBuildFile; fileRef = 89AF8292276C64320055AE9C /* DropWater.gif */; };
		89AF8295276C649B0055AE9C /* GifImage.swift in Sources */ = {isa = PBXBuildFile; fileRef = 89AF8294276C649A0055AE9C /* GifImage.swift */; };
		89F479BC276AFDAD00C5563F /* DetailScene.swift in Sources */ = {isa = PBXBuildFile; fileRef = 89F479BB276AFDAD00C5563F /* DetailScene.swift */; };
		89F479C0276B04FF00C5563F /* ComposeScene.swift in Sources */ = {isa = PBXBuildFile; fileRef = 89F479BF276B04FF00C5563F /* ComposeScene.swift */; };
/* End PBXBuildFile section */

/* Begin PBXFileReference section */
		8946568027698A15008CF761 /* RlfxoTimeStamper.app */ = {isa = PBXFileReference; explicitFileType = wrapper.application; includeInIndex = 0; path = RlfxoTimeStamper.app; sourceTree = BUILT_PRODUCTS_DIR; };
		8946568327698A15008CF761 /* RlfxoTimeStamperApp.swift */ = {isa = PBXFileReference; lastKnownFileType = sourcecode.swift; path = RlfxoTimeStamperApp.swift; sourceTree = "<group>"; };
		8946568527698A15008CF761 /* ContentView.swift */ = {isa = PBXFileReference; lastKnownFileType = sourcecode.swift; path = ContentView.swift; sourceTree = "<group>"; };
		8946568727698A16008CF761 /* Assets.xcassets */ = {isa = PBXFileReference; lastKnownFileType = folder.assetcatalog; path = Assets.xcassets; sourceTree = "<group>"; };
		8946568A27698A17008CF761 /* Preview Assets.xcassets */ = {isa = PBXFileReference; lastKnownFileType = folder.assetcatalog; path = "Preview Assets.xcassets"; sourceTree = "<group>"; };
		8946568C27698A17008CF761 /* Persistence.swift */ = {isa = PBXFileReference; lastKnownFileType = sourcecode.swift; path = Persistence.swift; sourceTree = "<group>"; };
		8946568F27698A17008CF761 /* RlfxoTimeStamper.xcdatamodel */ = {isa = PBXFileReference; lastKnownFileType = wrapper.xcdatamodel; path = RlfxoTimeStamper.xcdatamodel; sourceTree = "<group>"; };
		89AF828E276C4FE90055AE9C /* ListCell.swift */ = {isa = PBXFileReference; lastKnownFileType = sourcecode.swift; path = ListCell.swift; sourceTree = "<group>"; };
		89AF8290276C52BF0055AE9C /* DateFormatter+Time.swift */ = {isa = PBXFileReference; lastKnownFileType = sourcecode.swift; path = "DateFormatter+Time.swift"; sourceTree = "<group>"; };
		89AF8292276C64320055AE9C /* DropWater.gif */ = {isa = PBXFileReference; lastKnownFileType = image.gif; path = DropWater.gif; sourceTree = "<group>"; };
		89AF8294276C649A0055AE9C /* GifImage.swift */ = {isa = PBXFileReference; lastKnownFileType = sourcecode.swift; path = GifImage.swift; sourceTree = "<group>"; };
		89F479BB276AFDAD00C5563F /* DetailScene.swift */ = {isa = PBXFileReference; lastKnownFileType = sourcecode.swift; path = DetailScene.swift; sourceTree = "<group>"; };
		89F479BF276B04FF00C5563F /* ComposeScene.swift */ = {isa = PBXFileReference; lastKnownFileType = sourcecode.swift; path = ComposeScene.swift; sourceTree = "<group>"; };
/* End PBXFileReference section */

/* Begin PBXFrameworksBuildPhase section */
		8946567D27698A15008CF761 /* Frameworks */ = {
			isa = PBXFrameworksBuildPhase;
			buildActionMask = 2147483647;
			files = (
			);
			runOnlyForDeploymentPostprocessing = 0;
		};
/* End PBXFrameworksBuildPhase section */

/* Begin PBXGroup section */
		8946567727698A15008CF761 = {
			isa = PBXGroup;
			children = (
				8946568227698A15008CF761 /* RlfxoTimeStamper */,
				8946568127698A15008CF761 /* Products */,
			);
			sourceTree = "<group>";
		};
		8946568127698A15008CF761 /* Products */ = {
			isa = PBXGroup;
			children = (
				8946568027698A15008CF761 /* RlfxoTimeStamper.app */,
			);
			name = Products;
			sourceTree = "<group>";
		};
		8946568227698A15008CF761 /* RlfxoTimeStamper */ = {
			isa = PBXGroup;
			children = (
				8946568327698A15008CF761 /* RlfxoTimeStamperApp.swift */,
				8946568527698A15008CF761 /* ContentView.swift */,
				89F479BB276AFDAD00C5563F /* DetailScene.swift */,
				89F479BF276B04FF00C5563F /* ComposeScene.swift */,
				89AF828E276C4FE90055AE9C /* ListCell.swift */,
				8946568727698A16008CF761 /* Assets.xcassets */,
				89AF8292276C64320055AE9C /* DropWater.gif */,
				8946568C27698A17008CF761 /* Persistence.swift */,
				8946568E27698A17008CF761 /* RlfxoTimeStamper.xcdatamodeld */,
				8946568927698A17008CF761 /* Preview Content */,
				89AF8290276C52BF0055AE9C /* DateFormatter+Time.swift */,
				89AF8294276C649A0055AE9C /* GifImage.swift */,
			);
			path = RlfxoTimeStamper;
			sourceTree = "<group>";
		};
		8946568927698A17008CF761 /* Preview Content */ = {
			isa = PBXGroup;
			children = (
				8946568A27698A17008CF761 /* Preview Assets.xcassets */,
			);
			path = "Preview Content";
			sourceTree = "<group>";
		};
/* End PBXGroup section */

/* Begin PBXNativeTarget section */
		8946567F27698A15008CF761 /* RlfxoTimeStamper */ = {
			isa = PBXNativeTarget;
			buildConfigurationList = 8946569327698A17008CF761 /* Build configuration list for PBXNativeTarget "RlfxoTimeStamper" */;
			buildPhases = (
				8946567C27698A15008CF761 /* Sources */,
				8946567D27698A15008CF761 /* Frameworks */,
				8946567E27698A15008CF761 /* Resources */,
			);
			buildRules = (
			);
			dependencies = (
			);
			name = RlfxoTimeStamper;
			productName = RlfxoTimeStamper;
			productReference = 8946568027698A15008CF761 /* RlfxoTimeStamper.app */;
			productType = "com.apple.product-type.application";
		};
/* End PBXNativeTarget section */

/* Begin PBXProject section */
		8946567827698A15008CF761 /* Project object */ = {
			isa = PBXProject;
			attributes = {
				BuildIndependentTargetsInParallel = 1;
				LastSwiftUpdateCheck = 1310;
				LastUpgradeCheck = 1310;
				TargetAttributes = {
					8946567F27698A15008CF761 = {
						CreatedOnToolsVersion = 13.1;
					};
				};
			};
			buildConfigurationList = 8946567B27698A15008CF761 /* Build configuration list for PBXProject "RlfxoTimeStamper" */;
			compatibilityVersion = "Xcode 13.0";
			developmentRegion = en;
			hasScannedForEncodings = 0;
			knownRegions = (
				en,
				Base,
			);
			mainGroup = 8946567727698A15008CF761;
			productRefGroup = 8946568127698A15008CF761 /* Products */;
			projectDirPath = "";
			projectRoot = "";
			targets = (
				8946567F27698A15008CF761 /* RlfxoTimeStamper */,
			);
		};
/* End PBXProject section */

/* Begin PBXResourcesBuildPhase section */
		8946567E27698A15008CF761 /* Resources */ = {
			isa = PBXResourcesBuildPhase;
			buildActionMask = 2147483647;
			files = (
				8946568B27698A17008CF761 /* Preview Assets.xcassets in Resources */,
				89AF8293276C64320055AE9C /* DropWater.gif in Resources */,
				8946568827698A16008CF761 /* Assets.xcassets in Resources */,
			);
			runOnlyForDeploymentPostprocessing = 0;
		};
/* End PBXResourcesBuildPhase section */

/* Begin PBXSourcesBuildPhase section */
		8946567C27698A15008CF761 /* Sources */ = {
			isa = PBXSourcesBuildPhase;
			buildActionMask = 2147483647;
			files = (
				8946568D27698A17008CF761 /* Persistence.swift in Sources */,
				89F479BC276AFDAD00C5563F /* DetailScene.swift in Sources */,
				89AF8295276C649B0055AE9C /* GifImage.swift in Sources */,
				8946568627698A15008CF761 /* ContentView.swift in Sources */,
				89AF828F276C4FE90055AE9C /* ListCell.swift in Sources */,
				8946568427698A15008CF761 /* RlfxoTimeStamperApp.swift in Sources */,
				8946569027698A17008CF761 /* RlfxoTimeStamper.xcdatamodeld in Sources */,
				89F479C0276B04FF00C5563F /* ComposeScene.swift in Sources */,
				89AF8291276C52BF0055AE9C /* DateFormatter+Time.swift in Sources */,
			);
			runOnlyForDeploymentPostprocessing = 0;
		};
/* End PBXSourcesBuildPhase section */

/* Begin XCBuildConfiguration section */
		8946569127698A17008CF761 /* Debug */ = {
			isa = XCBuildConfiguration;
			buildSettings = {
				ALWAYS_SEARCH_USER_PATHS = NO;
				CLANG_ANALYZER_NONNULL = YES;
				CLANG_ANALYZER_NUMBER_OBJECT_CONVERSION = YES_AGGRESSIVE;
				CLANG_CXX_LANGUAGE_STANDARD = "gnu++17";
				CLANG_CXX_LIBRARY = "libc++";
				CLANG_ENABLE_MODULES = YES;
				CLANG_ENABLE_OBJC_ARC = YES;
				CLANG_ENABLE_OBJC_WEAK = YES;
				CLANG_WARN_BLOCK_CAPTURE_AUTORELEASING = YES;
				CLANG_WARN_BOOL_CONVERSION = YES;
				CLANG_WARN_COMMA = YES;
				CLANG_WARN_CONSTANT_CONVERSION = YES;
				CLANG_WARN_DEPRECATED_OBJC_IMPLEMENTATIONS = YES;
				CLANG_WARN_DIRECT_OBJC_ISA_USAGE = YES_ERROR;
				CLANG_WARN_DOCUMENTATION_COMMENTS = YES;
				CLANG_WARN_EMPTY_BODY = YES;
				CLANG_WARN_ENUM_CONVERSION = YES;
				CLANG_WARN_INFINITE_RECURSION = YES;
				CLANG_WARN_INT_CONVERSION = YES;
				CLANG_WARN_NON_LITERAL_NULL_CONVERSION = YES;
				CLANG_WARN_OBJC_IMPLICIT_RETAIN_SELF = YES;
				CLANG_WARN_OBJC_LITERAL_CONVERSION = YES;
				CLANG_WARN_OBJC_ROOT_CLASS = YES_ERROR;
				CLANG_WARN_QUOTED_INCLUDE_IN_FRAMEWORK_HEADER = YES;
				CLANG_WARN_RANGE_LOOP_ANALYSIS = YES;
				CLANG_WARN_STRICT_PROTOTYPES = YES;
				CLANG_WARN_SUSPICIOUS_MOVE = YES;
				CLANG_WARN_UNGUARDED_AVAILABILITY = YES_AGGRESSIVE;
				CLANG_WARN_UNREACHABLE_CODE = YES;
				CLANG_WARN__DUPLICATE_METHOD_MATCH = YES;
				COPY_PHASE_STRIP = NO;
				DEBUG_INFORMATION_FORMAT = dwarf;
				ENABLE_STRICT_OBJC_MSGSEND = YES;
				ENABLE_TESTABILITY = YES;
				GCC_C_LANGUAGE_STANDARD = gnu11;
				GCC_DYNAMIC_NO_PIC = NO;
				GCC_NO_COMMON_BLOCKS = YES;
				GCC_OPTIMIZATION_LEVEL = 0;
				GCC_PREPROCESSOR_DEFINITIONS = (
					"DEBUG=1",
					"$(inherited)",
				);
				GCC_WARN_64_TO_32_BIT_CONVERSION = YES;
				GCC_WARN_ABOUT_RETURN_TYPE = YES_ERROR;
				GCC_WARN_UNDECLARED_SELECTOR = YES;
				GCC_WARN_UNINITIALIZED_AUTOS = YES_AGGRESSIVE;
				GCC_WARN_UNUSED_FUNCTION = YES;
				GCC_WARN_UNUSED_VARIABLE = YES;
				IPHONEOS_DEPLOYMENT_TARGET = 15.0;
				MTL_ENABLE_DEBUG_INFO = INCLUDE_SOURCE;
				MTL_FAST_MATH = YES;
				ONLY_ACTIVE_ARCH = YES;
				SDKROOT = iphoneos;
				SWIFT_ACTIVE_COMPILATION_CONDITIONS = DEBUG;
				SWIFT_OPTIMIZATION_LEVEL = "-Onone";
			};
			name = Debug;
		};
		8946569227698A17008CF761 /* Release */ = {
			isa = XCBuildConfiguration;
			buildSettings = {
				ALWAYS_SEARCH_USER_PATHS = NO;
				CLANG_ANALYZER_NONNULL = YES;
				CLANG_ANALYZER_NUMBER_OBJECT_CONVERSION = YES_AGGRESSIVE;
				CLANG_CXX_LANGUAGE_STANDARD = "gnu++17";
				CLANG_CXX_LIBRARY = "libc++";
				CLANG_ENABLE_MODULES = YES;
				CLANG_ENABLE_OBJC_ARC = YES;
				CLANG_ENABLE_OBJC_WEAK = YES;
				CLANG_WARN_BLOCK_CAPTURE_AUTORELEASING = YES;
				CLANG_WARN_BOOL_CONVERSION = YES;
				CLANG_WARN_COMMA = YES;
				CLANG_WARN_CONSTANT_CONVERSION = YES;
				CLANG_WARN_DEPRECATED_OBJC_IMPLEMENTATIONS = YES;
				CLANG_WARN_DIRECT_OBJC_ISA_USAGE = YES_ERROR;
				CLANG_WARN_DOCUMENTATION_COMMENTS = YES;
				CLANG_WARN_EMPTY_BODY = YES;
				CLANG_WARN_ENUM_CONVERSION = YES;
				CLANG_WARN_INFINITE_RECURSION = YES;
				CLANG_WARN_INT_CONVERSION = YES;
				CLANG_WARN_NON_LITERAL_NULL_CONVERSION = YES;
				CLANG_WARN_OBJC_IMPLICIT_RETAIN_SELF = YES;
				CLANG_WARN_OBJC_LITERAL_CONVERSION = YES;
				CLANG_WARN_OBJC_ROOT_CLASS = YES_ERROR;
				CLANG_WARN_QUOTED_INCLUDE_IN_FRAMEWORK_HEADER = YES;
				CLANG_WARN_RANGE_LOOP_ANALYSIS = YES;
				CLANG_WARN_STRICT_PROTOTYPES = YES;
				CLANG_WARN_SUSPICIOUS_MOVE = YES;
				CLANG_WARN_UNGUARDED_AVAILABILITY = YES_AGGRESSIVE;
				CLANG_WARN_UNREACHABLE_CODE = YES;
				CLANG_WARN__DUPLICATE_METHOD_MATCH = YES;
				COPY_PHASE_STRIP = NO;
				DEBUG_INFORMATION_FORMAT = "dwarf-with-dsym";
				ENABLE_NS_ASSERTIONS = NO;
				ENABLE_STRICT_OBJC_MSGSEND = YES;
				GCC_C_LANGUAGE_STANDARD = gnu11;
				GCC_NO_COMMON_BLOCKS = YES;
				GCC_WARN_64_TO_32_BIT_CONVERSION = YES;
				GCC_WARN_ABOUT_RETURN_TYPE = YES_ERROR;
				GCC_WARN_UNDECLARED_SELECTOR = YES;
				GCC_WARN_UNINITIALIZED_AUTOS = YES_AGGRESSIVE;
				GCC_WARN_UNUSED_FUNCTION = YES;
				GCC_WARN_UNUSED_VARIABLE = YES;
				IPHONEOS_DEPLOYMENT_TARGET = 15.0;
				MTL_ENABLE_DEBUG_INFO = NO;
				MTL_FAST_MATH = YES;
				SDKROOT = iphoneos;
				SWIFT_COMPILATION_MODE = wholemodule;
				SWIFT_OPTIMIZATION_LEVEL = "-O";
				VALIDATE_PRODUCT = YES;
			};
			name = Release;
		};
		8946569427698A17008CF761 /* Debug */ = {
			isa = XCBuildConfiguration;
			buildSettings = {
				ASSETCATALOG_COMPILER_APPICON_NAME = AppIcon;
				ASSETCATALOG_COMPILER_GLOBAL_ACCENT_COLOR_NAME = AccentColor;
				CODE_SIGN_STYLE = Automatic;
				CURRENT_PROJECT_VERSION = 1;
				DEVELOPMENT_ASSET_PATHS = "\"RlfxoTimeStamper/Preview Content\"";
				DEVELOPMENT_TEAM = 6MCYXWU8BB;
				ENABLE_PREVIEWS = YES;
				GENERATE_INFOPLIST_FILE = YES;
				INFOPLIST_KEY_UIApplicationSceneManifest_Generation = YES;
				INFOPLIST_KEY_UIApplicationSupportsIndirectInputEvents = YES;
				INFOPLIST_KEY_UILaunchScreen_Generation = YES;
				INFOPLIST_KEY_UISupportedInterfaceOrientations_iPad = "UIInterfaceOrientationPortrait UIInterfaceOrientationPortraitUpsideDown UIInterfaceOrientationLandscapeLeft UIInterfaceOrientationLandscapeRight";
				INFOPLIST_KEY_UISupportedInterfaceOrientations_iPhone = "UIInterfaceOrientationPortrait UIInterfaceOrientationLandscapeLeft UIInterfaceOrientationLandscapeRight";
				LD_RUNPATH_SEARCH_PATHS = (
					"$(inherited)",
					"@executable_path/Frameworks",
				);
				MARKETING_VERSION = 1.0;
				PRODUCT_BUNDLE_IDENTIFIER = com.codeviking.tistory.RlfxoTimeStamper;
				PRODUCT_NAME = "$(TARGET_NAME)";
				SWIFT_EMIT_LOC_STRINGS = YES;
				SWIFT_VERSION = 5.0;
				TARGETED_DEVICE_FAMILY = "1,2";
			};
			name = Debug;
		};
		8946569527698A17008CF761 /* Release */ = {
			isa = XCBuildConfiguration;
			buildSettings = {
				ASSETCATALOG_COMPILER_APPICON_NAME = AppIcon;
				ASSETCATALOG_COMPILER_GLOBAL_ACCENT_COLOR_NAME = AccentColor;
				CODE_SIGN_STYLE = Automatic;
				CURRENT_PROJECT_VERSION = 1;
				DEVELOPMENT_ASSET_PATHS = "\"RlfxoTimeStamper/Preview Content\"";
				DEVELOPMENT_TEAM = 6MCYXWU8BB;
				ENABLE_PREVIEWS = YES;
				GENERATE_INFOPLIST_FILE = YES;
				INFOPLIST_KEY_UIApplicationSceneManifest_Generation = YES;
				INFOPLIST_KEY_UIApplicationSupportsIndirectInputEvents = YES;
				INFOPLIST_KEY_UILaunchScreen_Generation = YES;
				INFOPLIST_KEY_UISupportedInterfaceOrientations_iPad = "UIInterfaceOrientationPortrait UIInterfaceOrientationPortraitUpsideDown UIInterfaceOrientationLandscapeLeft UIInterfaceOrientationLandscapeRight";
				INFOPLIST_KEY_UISupportedInterfaceOrientations_iPhone = "UIInterfaceOrientationPortrait UIInterfaceOrientationLandscapeLeft UIInterfaceOrientationLandscapeRight";
				LD_RUNPATH_SEARCH_PATHS = (
					"$(inherited)",
					"@executable_path/Frameworks",
				);
				MARKETING_VERSION = 1.0;
				PRODUCT_BUNDLE_IDENTIFIER = com.codeviking.tistory.RlfxoTimeStamper;
				PRODUCT_NAME = "$(TARGET_NAME)";
				SWIFT_EMIT_LOC_STRINGS = YES;
				SWIFT_VERSION = 5.0;
				TARGETED_DEVICE_FAMILY = "1,2";
			};
			name = Release;
		};
/* End XCBuildConfiguration section */

/* Begin XCConfigurationList section */
		8946567B27698A15008CF761 /* Build configuration list for PBXProject "RlfxoTimeStamper" */ = {
			isa = XCConfigurationList;
			buildConfigurations = (
				8946569127698A17008CF761 /* Debug */,
				8946569227698A17008CF761 /* Release */,
			);
			defaultConfigurationIsVisible = 0;
			defaultConfigurationName = Release;
		};
		8946569327698A17008CF761 /* Build configuration list for PBXNativeTarget "RlfxoTimeStamper" */ = {
			isa = XCConfigurationList;
			buildConfigurations = (
				8946569427698A17008CF761 /* Debug */,
				8946569527698A17008CF761 /* Release */,
			);
			defaultConfigurationIsVisible = 0;
			defaultConfigurationName = Release;
		};
/* End XCConfigurationList section */

/* Begin XCVersionGroup section */
		8946568E27698A17008CF761 /* RlfxoTimeStamper.xcdatamodeld */ = {
			isa = XCVersionGroup;
			children = (
				8946568F27698A17008CF761 /* RlfxoTimeStamper.xcdatamodel */,
			);
			currentVersion = 8946568F27698A17008CF761 /* RlfxoTimeStamper.xcdatamodel */;
			path = RlfxoTimeStamper.xcdatamodeld;
			sourceTree = "<group>";
			versionGroupType = wrapper.xcdatamodel;
		};
/* End XCVersionGroup section */
	};
	rootObject = 8946567827698A15008CF761 /* Project object */;
}
